
Microsoft Visual Studio Solution File, Format Version 12.00
# Visual Studio Version 17
VisualStudioVersion = 17.0.31903.59
MinimumVisualStudioVersion = 10.0.40219.1
Project("{FAE04EC0-301F-11D3-BF4B-00C04F79EFBC}") = "AppListaDeTarefas.UWP", "AppListaDeTarefas\AppListaDeTarefas.UWP\AppListaDeTarefas.UWP.csproj", "{78370B6D-2162-4E08-923F-96EE9C6AF9E4}"
EndProject
Project("{FAE04EC0-301F-11D3-BF4B-00C04F79EFBC}") = "AppListaDeTarefas.Android", "AppListaDeTarefas\AppListaDeTarefas.Android\AppListaDeTarefas.Android.csproj", "{78B0E969-63B6-4FCB-86E0-C66D7579FD62}"
EndProject
Project("{FAE04EC0-301F-11D3-BF4B-00C04F79EFBC}") = "AppListaDeTarefas.iOS", "AppListaDeTarefas\AppListaDeTarefas.iOS\AppListaDeTarefas.iOS.csproj", "{9FB97940-F618-4495-A9F6-796FE91580FC}"
EndProject
Project("{FAE04EC0-301F-11D3-BF4B-00C04F79EFBC}") = "AppListaDeTarefas", "AppListaDeTarefas\AppListaDeTarefas\AppListaDeTarefas.csproj", "{F621B49E-8C41-483B-A7F2-53F5254BCFFD}"
EndProject
Global
	GlobalSection(SolutionConfigurationPlatforms) = preSolution
		Debug|Any CPU = Debug|Any CPU
		Debug|ARM = Debug|ARM
		Debug|iPhone = Debug|iPhone
		Debug|iPhoneSimulator = Debug|iPhoneSimulator
		Debug|x64 = Debug|x64
		Debug|x86 = Debug|x86
		Release|Any CPU = Release|Any CPU
		Release|ARM = Release|ARM
		Release|iPhone = Release|iPhone
		Release|iPhoneSimulator = Release|iPhoneSimulator
		Release|x64 = Release|x64
		Release|x86 = Release|x86
	EndGlobalSection
	GlobalSection(ProjectConfigurationPlatforms) = postSolution
		{78370B6D-2162-4E08-923F-96EE9C6AF9E4}.Debug|Any CPU.ActiveCfg = Debug|x64
		{78370B6D-2162-4E08-923F-96EE9C6AF9E4}.Debug|Any CPU.Build.0 = Debug|x64
		{78370B6D-2162-4E08-923F-96EE9C6AF9E4}.Debug|Any CPU.Deploy.0 = Debug|x64
		{78370B6D-2162-4E08-923F-96EE9C6AF9E4}.Debug|ARM.ActiveCfg = Debug|ARM
		{78370B6D-2162-4E08-923F-96EE9C6AF9E4}.Debug|ARM.Build.0 = Debug|ARM
		{78370B6D-2162-4E08-923F-96EE9C6AF9E4}.Debug|ARM.Deploy.0 = Debug|ARM
		{78370B6D-2162-4E08-923F-96EE9C6AF9E4}.Debug|iPhone.ActiveCfg = Debug|x64
		{78370B6D-2162-4E08-923F-96EE9C6AF9E4}.Debug|iPhone.Build.0 = Debug|x64
		{78370B6D-2162-4E08-923F-96EE9C6AF9E4}.Debug|iPhone.Deploy.0 = Debug|x64
		{78370B6D-2162-4E08-923F-96EE9C6AF9E4}.Debug|iPhoneSimulator.ActiveCfg = Debug|x64
		{78370B6D-2162-4E08-923F-96EE9C6AF9E4}.Debug|iPhoneSimulator.Build.0 = Debug|x64
		{78370B6D-2162-4E08-923F-96EE9C6AF9E4}.Debug|iPhoneSimulator.Deploy.0 = Debug|x64
		{78370B6D-2162-4E08-923F-96EE9C6AF9E4}.Debug|x64.ActiveCfg = Debug|x64
		{78370B6D-2162-4E08-923F-96EE9C6AF9E4}.Debug|x64.Build.0 = Debug|x64
		{78370B6D-2162-4E08-923F-96EE9C6AF9E4}.Debug|x64.Deploy.0 = Debug|x64
		{78370B6D-2162-4E08-923F-96EE9C6AF9E4}.Debug|x86.ActiveCfg = Debug|x86
		{78370B6D-2162-4E08-923F-96EE9C6AF9E4}.Debug|x86.Build.0 = Debug|x86
		{78370B6D-2162-4E08-923F-96EE9C6AF9E4}.Debug|x86.Deploy.0 = Debug|x86
		{78370B6D-2162-4E08-923F-96EE9C6AF9E4}.Release|Any CPU.ActiveCfg = Release|x64
		{78370B6D-2162-4E08-923F-96EE9C6AF9E4}.Release|Any CPU.Build.0 = Release|x64
		{78370B6D-2162-4E08-923F-96EE9C6AF9E4}.Release|Any CPU.Deploy.0 = Release|x64
		{78370B6D-2162-4E08-923F-96EE9C6AF9E4}.Release|ARM.ActiveCfg = Release|ARM
		{78370B6D-2162-4E08-923F-96EE9C6AF9E4}.Release|ARM.Build.0 = Release|ARM
		{78370B6D-2162-4E08-923F-96EE9C6AF9E4}.Release|ARM.Deploy.0 = Release|ARM
		{78370B6D-2162-4E08-923F-96EE9C6AF9E4}.Release|iPhone.ActiveCfg = Release|x64
		{78370B6D-2162-4E08-923F-96EE9C6AF9E4}.Release|iPhone.Build.0 = Release|x64
		{78370B6D-2162-4E08-923F-96EE9C6AF9E4}.Release|iPhone.Deploy.0 = Release|x64
		{78370B6D-2162-4E08-923F-96EE9C6AF9E4}.Release|iPhoneSimulator.ActiveCfg = Release|x64
		{78370B6D-2162-4E08-923F-96EE9C6AF9E4}.Release|iPhoneSimulator.Build.0 = Release|x64
		{78370B6D-2162-4E08-923F-96EE9C6AF9E4}.Release|iPhoneSimulator.Deploy.0 = Release|x64
		{78370B6D-2162-4E08-923F-96EE9C6AF9E4}.Release|x64.ActiveCfg = Release|x64
		{78370B6D-2162-4E08-923F-96EE9C6AF9E4}.Release|x64.Build.0 = Release|x64
		{78370B6D-2162-4E08-923F-96EE9C6AF9E4}.Release|x64.Deploy.0 = Release|x64
		{78370B6D-2162-4E08-923F-96EE9C6AF9E4}.Release|x86.ActiveCfg = Release|x86
		{78370B6D-2162-4E08-923F-96EE9C6AF9E4}.Release|x86.Build.0 = Release|x86
		{78370B6D-2162-4E08-923F-96EE9C6AF9E4}.Release|x86.Deploy.0 = Release|x86
		{78B0E969-63B6-4FCB-86E0-C66D7579FD62}.Debug|Any CPU.ActiveCfg = Debug|Any CPU
		{78B0E969-63B6-4FCB-86E0-C66D7579FD62}.Debug|Any CPU.Build.0 = Debug|Any CPU
		{78B0E969-63B6-4FCB-86E0-C66D7579FD62}.Debug|Any CPU.Deploy.0 = Debug|Any CPU
		{78B0E969-63B6-4FCB-86E0-C66D7579FD62}.Debug|ARM.ActiveCfg = Debug|Any CPU
		{78B0E969-63B6-4FCB-86E0-C66D7579FD62}.Debug|ARM.Build.0 = Debug|Any CPU
		{78B0E969-63B6-4FCB-86E0-C66D7579FD62}.Debug|ARM.Deploy.0 = Debug|Any CPU
		{78B0E969-63B6-4FCB-86E0-C66D7579FD62}.Debug|iPhone.ActiveCfg = Debug|Any CPU
		{78B0E969-63B6-4FCB-86E0-C66D7579FD62}.Debug|iPhone.Build.0 = Debug|Any CPU
		{78B0E969-63B6-4FCB-86E0-C66D7579FD62}.Debug|iPhone.Deploy.0 = Debug|Any CPU
		{78B0E969-63B6-4FCB-86E0-C66D7579FD62}.Debug|iPhoneSimulator.ActiveCfg = Debug|Any CPU
		{78B0E969-63B6-4FCB-86E0-C66D7579FD62}.Debug|iPhoneSimulator.Build.0 = Debug|Any CPU
		{78B0E969-63B6-4FCB-86E0-C66D7579FD62}.Debug|iPhoneSimulator.Deploy.0 = Debug|Any CPU
		{78B0E969-63B6-4FCB-86E0-C66D7579FD62}.Debug|x64.ActiveCfg = Debug|Any CPU
		{78B0E969-63B6-4FCB-86E0-C66D7579FD62}.Debug|x64.Build.0 = Debug|Any CPU
		{78B0E969-63B6-4FCB-86E0-C66D7579FD62}.Debug|x64.Deploy.0 = Debug|Any CPU
		{78B0E969-63B6-4FCB-86E0-C66D7579FD62}.Debug|x86.ActiveCfg = Debug|Any CPU
		{78B0E969-63B6-4FCB-86E0-C66D7579FD62}.Debug|x86.Build.0 = Debug|Any CPU
		{78B0E969-63B6-4FCB-86E0-C66D7579FD62}.Debug|x86.Deploy.0 = Debug|Any CPU
		{78B0E969-63B6-4FCB-86E0-C66D7579FD62}.Release|Any CPU.ActiveCfg = Release|Any CPU
		{78B0E969-63B6-4FCB-86E0-C66D7579FD62}.Release|Any CPU.Build.0 = Release|Any CPU
		{78B0E969-63B6-4FCB-86E0-C66D7579FD62}.Release|Any CPU.Deploy.0 = Release|Any CPU
		{78B0E969-63B6-4FCB-86E0-C66D7579FD62}.Release|ARM.ActiveCfg = Release|Any CPU
		{78B0E969-63B6-4FCB-86E0-C66D7579FD62}.Release|ARM.Build.0 = Release|Any CPU
		{78B0E969-63B6-4FCB-86E0-C66D7579FD62}.Release|ARM.Deploy.0 = Release|Any CPU
		{78B0E969-63B6-4FCB-86E0-C66D7579FD62}.Release|iPhone.ActiveCfg = Release|Any CPU
		{78B0E969-63B6-4FCB-86E0-C66D7579FD62}.Release|iPhone.Build.0 = Release|Any CPU
		{78B0E969-63B6-4FCB-86E0-C66D7579FD62}.Release|iPhone.Deploy.0 = Release|Any CPU
		{78B0E969-63B6-4FCB-86E0-C66D7579FD62}.Release|iPhoneSimulator.ActiveCfg = Release|Any CPU
		{78B0E969-63B6-4FCB-86E0-C66D7579FD62}.Release|iPhoneSimulator.Build.0 = Release|Any CPU
		{78B0E969-63B6-4FCB-86E0-C66D7579FD62}.Release|iPhoneSimulator.Deploy.0 = Release|Any CPU
		{78B0E969-63B6-4FCB-86E0-C66D7579FD62}.Release|x64.ActiveCfg = Release|Any CPU
		{78B0E969-63B6-4FCB-86E0-C66D7579FD62}.Release|x64.Build.0 = Release|Any CPU
		{78B0E969-63B6-4FCB-86E0-C66D7579FD62}.Release|x64.Deploy.0 = Release|Any CPU
		{78B0E969-63B6-4FCB-86E0-C66D7579FD62}.Release|x86.ActiveCfg = Release|Any CPU
		{78B0E969-63B6-4FCB-86E0-C66D7579FD62}.Release|x86.Build.0 = Release|Any CPU
		{78B0E969-63B6-4FCB-86E0-C66D7579FD62}.Release|x86.Deploy.0 = Release|Any CPU
		{9FB97940-F618-4495-A9F6-796FE91580FC}.Debug|Any CPU.ActiveCfg = Debug|iPhoneSimulator
		{9FB97940-F618-4495-A9F6-796FE91580FC}.Debug|Any CPU.Build.0 = Debug|iPhoneSimulator
		{9FB97940-F618-4495-A9F6-796FE91580FC}.Debug|Any CPU.Deploy.0 = Debug|iPhoneSimulator
		{9FB97940-F618-4495-A9F6-796FE91580FC}.Debug|ARM.ActiveCfg = Debug|iPhoneSimulator
		{9FB97940-F618-4495-A9F6-796FE91580FC}.Debug|ARM.Build.0 = Debug|iPhoneSimulator
		{9FB97940-F618-4495-A9F6-796FE91580FC}.Debug|ARM.Deploy.0 = Debug|iPhoneSimulator
		{9FB97940-F618-4495-A9F6-796FE91580FC}.Debug|iPhone.ActiveCfg = Debug|iPhone
		{9FB97940-F618-4495-A9F6-796FE91580FC}.Debug|iPhone.Build.0 = Debug|iPhone
		{9FB97940-F618-4495-A9F6-796FE91580FC}.Debug|iPhone.Deploy.0 = Debug|iPhone
		{9FB97940-F618-4495-A9F6-796FE91580FC}.Debug|iPhoneSimulator.ActiveCfg = Debug|iPhoneSimulator
		{9FB97940-F618-4495-A9F6-796FE91580FC}.Debug|iPhoneSimulator.Build.0 = Debug|iPhoneSimulator
		{9FB97940-F618-4495-A9F6-796FE91580FC}.Debug|iPhoneSimulator.Deploy.0 = Debug|iPhoneSimulator
		{9FB97940-F618-4495-A9F6-796FE91580FC}.Debug|x64.ActiveCfg = Debug|iPhone
		{9FB97940-F618-4495-A9F6-796FE91580FC}.Debug|x64.Build.0 = Debug|iPhone
		{9FB97940-F618-4495-A9F6-796FE91580FC}.Debug|x64.Deploy.0 = Debug|iPhone
		{9FB97940-F618-4495-A9F6-796FE91580FC}.Debug|x86.ActiveCfg = Debug|iPhoneSimulator
		{9FB97940-F618-4495-A9F6-796FE91580FC}.Debug|x86.Build.0 = Debug|iPhoneSimulator
		{9FB97940-F618-4495-A9F6-796FE91580FC}.Debug|x86.Deploy.0 = Debug|iPhoneSimulator
		{9FB97940-F618-4495-A9F6-796FE91580FC}.Release|Any CPU.ActiveCfg = Release|iPhoneSimulator
		{9FB97940-F618-4495-A9F6-796FE91580FC}.Release|Any CPU.Build.0 = Release|iPhoneSimulator
		{9FB97940-F618-4495-A9F6-796FE91580FC}.Release|Any CPU.Deploy.0 = Release|iPhoneSimulator
		{9FB97940-F618-4495-A9F6-796FE91580FC}.Release|ARM.ActiveCfg = Release|iPhoneSimulator
		{9FB97940-F618-4495-A9F6-796FE91580FC}.Release|ARM.Build.0 = Release|iPhoneSimulator
		{9FB97940-F618-4495-A9F6-796FE91580FC}.Release|ARM.Deploy.0 = Release|iPhoneSimulator
		{9FB97940-F618-4495-A9F6-796FE91580FC}.Release|iPhone.ActiveCfg = Release|iPhone
		{9FB97940-F618-4495-A9F6-796FE91580FC}.Release|iPhone.Build.0 = Release|iPhone
		{9FB97940-F618-4495-A9F6-796FE91580FC}.Release|iPhone.Deploy.0 = Release|iPhone
		{9FB97940-F618-4495-A9F6-796FE91580FC}.Release|iPhoneSimulator.ActiveCfg = Release|iPhoneSimulator
		{9FB97940-F618-4495-A9F6-796FE91580FC}.Release|iPhoneSimulator.Build.0 = Release|iPhoneSimulator
		{9FB97940-F618-4495-A9F6-796FE91580FC}.Release|iPhoneSimulator.Deploy.0 = Release|iPhoneSimulator
		{9FB97940-F618-4495-A9F6-796FE91580FC}.Release|x64.ActiveCfg = Release|iPhoneSimulator
		{9FB97940-F618-4495-A9F6-796FE91580FC}.Release|x64.Build.0 = Release|iPhoneSimulator
		{9FB97940-F618-4495-A9F6-796FE91580FC}.Release|x64.Deploy.0 = Release|iPhoneSimulator
		{9FB97940-F618-4495-A9F6-796FE91580FC}.Release|x86.ActiveCfg = Release|iPhoneSimulator
		{9FB97940-F618-4495-A9F6-796FE91580FC}.Release|x86.Build.0 = Release|iPhoneSimulator
		{9FB97940-F618-4495-A9F6-796FE91580FC}.Release|x86.Deploy.0 = Release|iPhoneSimulator
		{F621B49E-8C41-483B-A7F2-53F5254BCFFD}.Debug|Any CPU.ActiveCfg = Debug|Any CPU
		{F621B49E-8C41-483B-A7F2-53F5254BCFFD}.Debug|Any CPU.Build.0 = Debug|Any CPU
		{F621B49E-8C41-483B-A7F2-53F5254BCFFD}.Debug|Any CPU.Deploy.0 = Debug|Any CPU
		{F621B49E-8C41-483B-A7F2-53F5254BCFFD}.Debug|ARM.ActiveCfg = Debug|Any CPU
		{F621B49E-8C41-483B-A7F2-53F5254BCFFD}.Debug|ARM.Build.0 = Debug|Any CPU
		{F621B49E-8C41-483B-A7F2-53F5254BCFFD}.Debug|ARM.Deploy.0 = Debug|Any CPU
		{F621B49E-8C41-483B-A7F2-53F5254BCFFD}.Debug|iPhone.ActiveCfg = Debug|Any CPU
		{F621B49E-8C41-483B-A7F2-53F5254BCFFD}.Debug|iPhone.Build.0 = Debug|Any CPU
		{F621B49E-8C41-483B-A7F2-53F5254BCFFD}.Debug|iPhone.Deploy.0 = Debug|Any CPU
		{F621B49E-8C41-483B-A7F2-53F5254BCFFD}.Debug|iPhoneSimulator.ActiveCfg = Debug|Any CPU
		{F621B49E-8C41-483B-A7F2-53F5254BCFFD}.Debug|iPhoneSimulator.Build.0 = Debug|Any CPU
		{F621B49E-8C41-483B-A7F2-53F5254BCFFD}.Debug|iPhoneSimulator.Deploy.0 = Debug|Any CPU
		{F621B49E-8C41-483B-A7F2-53F5254BCFFD}.Debug|x64.ActiveCfg = Debug|Any CPU
		{F621B49E-8C41-483B-A7F2-53F5254BCFFD}.Debug|x64.Build.0 = Debug|Any CPU
		{F621B49E-8C41-483B-A7F2-53F5254BCFFD}.Debug|x64.Deploy.0 = Debug|Any CPU
		{F621B49E-8C41-483B-A7F2-53F5254BCFFD}.Debug|x86.ActiveCfg = Debug|Any CPU
		{F621B49E-8C41-483B-A7F2-53F5254BCFFD}.Debug|x86.Build.0 = Debug|Any CPU
		{F621B49E-8C41-483B-A7F2-53F5254BCFFD}.Debug|x86.Deploy.0 = Debug|Any CPU
		{F621B49E-8C41-483B-A7F2-53F5254BCFFD}.Release|Any CPU.ActiveCfg = Release|Any CPU
		{F621B49E-8C41-483B-A7F2-53F5254BCFFD}.Release|Any CPU.Build.0 = Release|Any CPU
		{F621B49E-8C41-483B-A7F2-53F5254BCFFD}.Release|Any CPU.Deploy.0 = Release|Any CPU
		{F621B49E-8C41-483B-A7F2-53F5254BCFFD}.Release|ARM.ActiveCfg = Release|Any CPU
		{F621B49E-8C41-483B-A7F2-53F5254BCFFD}.Release|ARM.Build.0 = Release|Any CPU
		{F621B49E-8C41-483B-A7F2-53F5254BCFFD}.Release|ARM.Deploy.0 = Release|Any CPU
		{F621B49E-8C41-483B-A7F2-53F5254BCFFD}.Release|iPhone.ActiveCfg = Release|Any CPU
		{F621B49E-8C41-483B-A7F2-53F5254BCFFD}.Release|iPhone.Build.0 = Release|Any CPU
		{F621B49E-8C41-483B-A7F2-53F5254BCFFD}.Release|iPhone.Deploy.0 = Release|Any CPU
		{F621B49E-8C41-483B-A7F2-53F5254BCFFD}.Release|iPhoneSimulator.ActiveCfg = Release|Any CPU
		{F621B49E-8C41-483B-A7F2-53F5254BCFFD}.Release|iPhoneSimulator.Build.0 = Release|Any CPU
		{F621B49E-8C41-483B-A7F2-53F5254BCFFD}.Release|iPhoneSimulator.Deploy.0 = Release|Any CPU
		{F621B49E-8C41-483B-A7F2-53F5254BCFFD}.Release|x64.ActiveCfg = Release|Any CPU
		{F621B49E-8C41-483B-A7F2-53F5254BCFFD}.Release|x64.Build.0 = Release|Any CPU
		{F621B49E-8C41-483B-A7F2-53F5254BCFFD}.Release|x64.Deploy.0 = Release|Any CPU
		{F621B49E-8C41-483B-A7F2-53F5254BCFFD}.Release|x86.ActiveCfg = Release|Any CPU
		{F621B49E-8C41-483B-A7F2-53F5254BCFFD}.Release|x86.Build.0 = Release|Any CPU
		{F621B49E-8C41-483B-A7F2-53F5254BCFFD}.Release|x86.Deploy.0 = Release|Any CPU
	EndGlobalSection
	GlobalSection(SolutionProperties) = preSolution
		HideSolutionNode = FALSE
	EndGlobalSection
	GlobalSection(ExtensibilityGlobals) = postSolution
		SolutionGuid = {BE75A591-C205-43D8-B4D0-BED9209E44F5}
	EndGlobalSection
EndGlobal
